// !$*UTF8*$!
{
	archiveVersion = 1;
	classes = {
	};
	objectVersion = 46;
	objects = {

/* Begin PBXBuildFile section */
		2A6C55391A0A3EEF005A6322 /* main.m in Sources */ = {isa = PBXBuildFile; fileRef = 2A6C55381A0A3EEF005A6322 /* main.m */; };
		2A6C553C1A0A3EEF005A6322 /* AppDelegate.m in Sources */ = {isa = PBXBuildFile; fileRef = 2A6C553B1A0A3EEF005A6322 /* AppDelegate.m */; };
		2A6C553F1A0A3EEF005A6322 /* GroupDates.xcdatamodeld in Sources */ = {isa = PBXBuildFile; fileRef = 2A6C553D1A0A3EEF005A6322 /* GroupDates.xcdatamodeld */; };
		2A6C55421A0A3EEF005A6322 /* ViewController.m in Sources */ = {isa = PBXBuildFile; fileRef = 2A6C55411A0A3EEF005A6322 /* ViewController.m */; };
		2A6C55451A0A3EEF005A6322 /* Main.storyboard in Resources */ = {isa = PBXBuildFile; fileRef = 2A6C55431A0A3EEF005A6322 /* Main.storyboard */; };
		2A6C55471A0A3EEF005A6322 /* Images.xcassets in Resources */ = {isa = PBXBuildFile; fileRef = 2A6C55461A0A3EEF005A6322 /* Images.xcassets */; };
		2A6C554A1A0A3EEF005A6322 /* LaunchScreen.xib in Resources */ = {isa = PBXBuildFile; fileRef = 2A6C55481A0A3EEF005A6322 /* LaunchScreen.xib */; };
		2A6C55561A0A3EEF005A6322 /* GroupDatesTests.m in Sources */ = {isa = PBXBuildFile; fileRef = 2A6C55551A0A3EEF005A6322 /* GroupDatesTests.m */; };
		2A6C55611A0A3F49005A6322 /* Entity.m in Sources */ = {isa = PBXBuildFile; fileRef = 2A6C55601A0A3F49005A6322 /* Entity.m */; };
/* End PBXBuildFile section */

/* Begin PBXContainerItemProxy section */
		2A6C55501A0A3EEF005A6322 /* PBXContainerItemProxy */ = {
			isa = PBXContainerItemProxy;
			containerPortal = 2A6C552B1A0A3EEF005A6322 /* Project object */;
			proxyType = 1;
			remoteGlobalIDString = 2A6C55321A0A3EEF005A6322;
			remoteInfo = GroupDates;
		};
/* End PBXContainerItemProxy section */

/* Begin PBXFileReference section */
		2A6C55331A0A3EEF005A6322 /* GroupDates.app */ = {isa = PBXFileReference; explicitFileType = wrapper.application; includeInIndex = 0; path = GroupDates.app; sourceTree = BUILT_PRODUCTS_DIR; };
		2A6C55371A0A3EEF005A6322 /* Info.plist */ = {isa = PBXFileReference; lastKnownFileType = text.plist.xml; path = Info.plist; sourceTree = "<group>"; };
		2A6C55381A0A3EEF005A6322 /* main.m */ = {isa = PBXFileReference; lastKnownFileType = sourcecode.c.objc; path = main.m; sourceTree = "<group>"; };
		2A6C553A1A0A3EEF005A6322 /* AppDelegate.h */ = {isa = PBXFileReference; lastKnownFileType = sourcecode.c.h; path = AppDelegate.h; sourceTree = "<group>"; };
		2A6C553B1A0A3EEF005A6322 /* AppDelegate.m */ = {isa = PBXFileReference; lastKnownFileType = sourcecode.c.objc; path = AppDelegate.m; sourceTree = "<group>"; };
		2A6C553E1A0A3EEF005A6322 /* GroupDates.xcdatamodel */ = {isa = PBXFileReference; lastKnownFileType = wrapper.xcdatamodel; path = GroupDates.xcdatamodel; sourceTree = "<group>"; };
		2A6C55401A0A3EEF005A6322 /* ViewController.h */ = {isa = PBXFileReference; lastKnownFileType = sourcecode.c.h; path = ViewController.h; sourceTree = "<group>"; };
		2A6C55411A0A3EEF005A6322 /* ViewController.m */ = {isa = PBXFileReference; lastKnownFileType = sourcecode.c.objc; path = ViewController.m; sourceTree = "<group>"; };
		2A6C55441A0A3EEF005A6322 /* Base */ = {isa = PBXFileReference; lastKnownFileType = file.storyboard; name = Base; path = Base.lproj/Main.storyboard; sourceTree = "<group>"; };
		2A6C55461A0A3EEF005A6322 /* Images.xcassets */ = {isa = PBXFileReference; lastKnownFileType = folder.assetcatalog; path = Images.xcassets; sourceTree = "<group>"; };
		2A6C55491A0A3EEF005A6322 /* Base */ = {isa = PBXFileReference; lastKnownFileType = file.xib; name = Base; path = Base.lproj/LaunchScreen.xib; sourceTree = "<group>"; };
		2A6C554F1A0A3EEF005A6322 /* GroupDatesTests.xctest */ = {isa = PBXFileReference; explicitFileType = wrapper.cfbundle; includeInIndex = 0; path = GroupDatesTests.xctest; sourceTree = BUILT_PRODUCTS_DIR; };
		2A6C55541A0A3EEF005A6322 /* Info.plist */ = {isa = PBXFileReference; lastKnownFileType = text.plist.xml; path = Info.plist; sourceTree = "<group>"; };
		2A6C55551A0A3EEF005A6322 /* GroupDatesTests.m */ = {isa = PBXFileReference; lastKnownFileType = sourcecode.c.objc; path = GroupDatesTests.m; sourceTree = "<group>"; };
		2A6C555F1A0A3F49005A6322 /* Entity.h */ = {isa = PBXFileReference; fileEncoding = 4; lastKnownFileType = sourcecode.c.h; path = Entity.h; sourceTree = "<group>"; };
		2A6C55601A0A3F49005A6322 /* Entity.m */ = {isa = PBXFileReference; fileEncoding = 4; lastKnownFileType = sourcecode.c.objc; path = Entity.m; sourceTree = "<group>"; };
/* End PBXFileReference section */

/* Begin PBXFrameworksBuildPhase section */
		2A6C55301A0A3EEF005A6322 /* Frameworks */ = {
			isa = PBXFrameworksBuildPhase;
			buildActionMask = 2147483647;
			files = (
			);
			runOnlyForDeploymentPostprocessing = 0;
		};
		2A6C554C1A0A3EEF005A6322 /* Frameworks */ = {
			isa = PBXFrameworksBuildPhase;
			buildActionMask = 2147483647;
			files = (
			);
			runOnlyForDeploymentPostprocessing = 0;
		};
/* End PBXFrameworksBuildPhase section */

/* Begin PBXGroup section */
		2A6C552A1A0A3EEF005A6322 = {
			isa = PBXGroup;
			children = (
				2A6C55351A0A3EEF005A6322 /* GroupDates */,
				2A6C55521A0A3EEF005A6322 /* GroupDatesTests */,
				2A6C55341A0A3EEF005A6322 /* Products */,
			);
			sourceTree = "<group>";
		};
		2A6C55341A0A3EEF005A6322 /* Products */ = {
			isa = PBXGroup;
			children = (
				2A6C55331A0A3EEF005A6322 /* GroupDates.app */,
				2A6C554F1A0A3EEF005A6322 /* GroupDatesTests.xctest */,
			);
			name = Products;
			sourceTree = "<group>";
		};
		2A6C55351A0A3EEF005A6322 /* GroupDates */ = {
			isa = PBXGroup;
			children = (
				2A6C553A1A0A3EEF005A6322 /* AppDelegate.h */,
				2A6C553B1A0A3EEF005A6322 /* AppDelegate.m */,
				2A6C55401A0A3EEF005A6322 /* ViewController.h */,
				2A6C55411A0A3EEF005A6322 /* ViewController.m */,
				2A6C55431A0A3EEF005A6322 /* Main.storyboard */,
				2A6C55461A0A3EEF005A6322 /* Images.xcassets */,
				2A6C55481A0A3EEF005A6322 /* LaunchScreen.xib */,
				2A6C553D1A0A3EEF005A6322 /* GroupDates.xcdatamodeld */,
				2A6C555F1A0A3F49005A6322 /* Entity.h */,
				2A6C55601A0A3F49005A6322 /* Entity.m */,
				2A6C55361A0A3EEF005A6322 /* Supporting Files */,
			);
			path = GroupDates;
			sourceTree = "<group>";
		};
		2A6C55361A0A3EEF005A6322 /* Supporting Files */ = {
			isa = PBXGroup;
			children = (
				2A6C55371A0A3EEF005A6322 /* Info.plist */,
				2A6C55381A0A3EEF005A6322 /* main.m */,
			);
			name = "Supporting Files";
			sourceTree = "<group>";
		};
		2A6C55521A0A3EEF005A6322 /* GroupDatesTests */ = {
			isa = PBXGroup;
			children = (
				2A6C55551A0A3EEF005A6322 /* GroupDatesTests.m */,
				2A6C55531A0A3EEF005A6322 /* Supporting Files */,
			);
			path = GroupDatesTests;
			sourceTree = "<group>";
		};
		2A6C55531A0A3EEF005A6322 /* Supporting Files */ = {
			isa = PBXGroup;
			children = (
				2A6C55541A0A3EEF005A6322 /* Info.plist */,
			);
			name = "Supporting Files";
			sourceTree = "<group>";
		};
/* End PBXGroup section */

/* Begin PBXNativeTarget section */
		2A6C55321A0A3EEF005A6322 /* GroupDates */ = {
			isa = PBXNativeTarget;
			buildConfigurationList = 2A6C55591A0A3EEF005A6322 /* Build configuration list for PBXNativeTarget "GroupDates" */;
			buildPhases = (
				2A6C552F1A0A3EEF005A6322 /* Sources */,
				2A6C55301A0A3EEF005A6322 /* Frameworks */,
				2A6C55311A0A3EEF005A6322 /* Resources */,
			);
			buildRules = (
			);
			dependencies = (
			);
			name = GroupDates;
			productName = GroupDates;
			productReference = 2A6C55331A0A3EEF005A6322 /* GroupDates.app */;
			productType = "com.apple.product-type.application";
		};
		2A6C554E1A0A3EEF005A6322 /* GroupDatesTests */ = {
			isa = PBXNativeTarget;
			buildConfigurationList = 2A6C555C1A0A3EEF005A6322 /* Build configuration list for PBXNativeTarget "GroupDatesTests" */;
			buildPhases = (
				2A6C554B1A0A3EEF005A6322 /* Sources */,
				2A6C554C1A0A3EEF005A6322 /* Frameworks */,
				2A6C554D1A0A3EEF005A6322 /* Resources */,
			);
			buildRules = (
			);
			dependencies = (
				2A6C55511A0A3EEF005A6322 /* PBXTargetDependency */,
			);
			name = GroupDatesTests;
			productName = GroupDatesTests;
			productReference = 2A6C554F1A0A3EEF005A6322 /* GroupDatesTests.xctest */;
			productType = "com.apple.product-type.bundle.unit-test";
		};
/* End PBXNativeTarget section */

/* Begin PBXProject section */
		2A6C552B1A0A3EEF005A6322 /* Project object */ = {
			isa = PBXProject;
			attributes = {
				LastUpgradeCheck = 0610;
				ORGANIZATIONNAME = Kai;
				TargetAttributes = {
					2A6C55321A0A3EEF005A6322 = {
						CreatedOnToolsVersion = 6.1;
					};
					2A6C554E1A0A3EEF005A6322 = {
						CreatedOnToolsVersion = 6.1;
						TestTargetID = 2A6C55321A0A3EEF005A6322;
					};
				};
			};
			buildConfigurationList = 2A6C552E1A0A3EEF005A6322 /* Build configuration list for PBXProject "GroupDates" */;
			compatibilityVersion = "Xcode 3.2";
			developmentRegion = English;
			hasScannedForEncodings = 0;
			knownRegions = (
				en,
				Base,
			);
			mainGroup = 2A6C552A1A0A3EEF005A6322;
			productRefGroup = 2A6C55341A0A3EEF005A6322 /* Products */;
			projectDirPath = "";
			projectRoot = "";
			targets = (
				2A6C55321A0A3EEF005A6322 /* GroupDates */,
				2A6C554E1A0A3EEF005A6322 /* GroupDatesTests */,
			);
		};
/* End PBXProject section */

/* Begin PBXResourcesBuildPhase section */
		2A6C55311A0A3EEF005A6322 /* Resources */ = {
			isa = PBXResourcesBuildPhase;
			buildActionMask = 2147483647;
			files = (
				2A6C55451A0A3EEF005A6322 /* Main.storyboard in Resources */,
				2A6C554A1A0A3EEF005A6322 /* LaunchScreen.xib in Resources */,
				2A6C55471A0A3EEF005A6322 /* Images.xcassets in Resources */,
			);
			runOnlyForDeploymentPostprocessing = 0;
		};
		2A6C554D1A0A3EEF005A6322 /* Resources */ = {
			isa = PBXResourcesBuildPhase;
			buildActionMask = 2147483647;
			files = (
			);
			runOnlyForDeploymentPostprocessing = 0;
		};
/* End PBXResourcesBuildPhase section */

/* Begin PBXSourcesBuildPhase section */
		2A6C552F1A0A3EEF005A6322 /* Sources */ = {
			isa = PBXSourcesBuildPhase;
			buildActionMask = 2147483647;
			files = (
				2A6C55611A0A3F49005A6322 /* Entity.m in Sources */,
				2A6C553C1A0A3EEF005A6322 /* AppDelegate.m in Sources */,
				2A6C553F1A0A3EEF005A6322 /* GroupDates.xcdatamodeld in Sources */,
				2A6C55421A0A3EEF005A6322 /* ViewController.m in Sources */,
				2A6C55391A0A3EEF005A6322 /* main.m in Sources */,
			);
			runOnlyForDeploymentPostprocessing = 0;
		};
		2A6C554B1A0A3EEF005A6322 /* Sources */ = {
			isa = PBXSourcesBuildPhase;
			buildActionMask = 2147483647;
			files = (
				2A6C55561A0A3EEF005A6322 /* GroupDatesTests.m in Sources */,
			);
			runOnlyForDeploymentPostprocessing = 0;
		};
/* End PBXSourcesBuildPhase section */

/* Begin PBXTargetDependency section */
		2A6C55511A0A3EEF005A6322 /* PBXTargetDependency */ = {
			isa = PBXTargetDependency;
			target = 2A6C55321A0A3EEF005A6322 /* GroupDates */;
			targetProxy = 2A6C55501A0A3EEF005A6322 /* PBXContainerItemProxy */;
		};
/* End PBXTargetDependency section */

/* Begin PBXVariantGroup section */
		2A6C55431A0A3EEF005A6322 /* Main.storyboard */ = {
			isa = PBXVariantGroup;
			children = (
				2A6C55441A0A3EEF005A6322 /* Base */,
			);
			name = Main.storyboard;
			sourceTree = "<group>";
		};
		2A6C55481A0A3EEF005A6322 /* LaunchScreen.xib */ = {
			isa = PBXVariantGroup;
			children = (
				2A6C55491A0A3EEF005A6322 /* Base */,
			);
			name = LaunchScreen.xib;
			sourceTree = "<group>";
		};
/* End PBXVariantGroup section */

/* Begin XCBuildConfiguration section */
		2A6C55571A0A3EEF005A6322 /* Debug */ = {
			isa = XCBuildConfiguration;
			buildSettings = {
				ALWAYS_SEARCH_USER_PATHS = NO;
				CLANG_CXX_LANGUAGE_STANDARD = "gnu++0x";
				CLANG_CXX_LIBRARY = "libc++";
				CLANG_ENABLE_MODULES = YES;
				CLANG_ENABLE_OBJC_ARC = YES;
				CLANG_WARN_BOOL_CONVERSION = YES;
				CLANG_WARN_CONSTANT_CONVERSION = YES;
				CLANG_WARN_DIRECT_OBJC_ISA_USAGE = YES_ERROR;
				CLANG_WARN_EMPTY_BODY = YES;
				CLANG_WARN_ENUM_CONVERSION = YES;
				CLANG_WARN_INT_CONVERSION = YES;
				CLANG_WARN_OBJC_ROOT_CLASS = YES_ERROR;
				CLANG_WARN_UNREACHABLE_CODE = YES;
				CLANG_WARN__DUPLICATE_METHOD_MATCH = YES;
				"CODE_SIGN_IDENTITY[sdk=iphoneos*]" = "iPhone Developer";
				COPY_PHASE_STRIP = NO;
				ENABLE_STRICT_OBJC_MSGSEND = YES;
				GCC_C_LANGUAGE_STANDARD = gnu99;
				GCC_DYNAMIC_NO_PIC = NO;
				GCC_OPTIMIZATION_LEVEL = 0;
				GCC_PREPROCESSOR_DEFINITIONS = (
					"DEBUG=1",
					"$(inherited)",
				);
				GCC_SYMBOLS_PRIVATE_EXTERN = NO;
				GCC_WARN_64_TO_32_BIT_CONVERSION = YES;
				GCC_WARN_ABOUT_RETURN_TYPE = YES_ERROR;
				GCC_WARN_UNDECLARED_SELECTOR = YES;
				GCC_WARN_UNINITIALIZED_AUTOS = YES_AGGRESSIVE;
				GCC_WARN_UNUSED_FUNCTION = YES;
				GCC_WARN_UNUSED_VARIABLE = YES;
				IPHONEOS_DEPLOYMENT_TARGET = 8.1;
				MTL_ENABLE_DEBUG_INFO = YES;
				ONLY_ACTIVE_ARCH = YES;
				SDKROOT = iphoneos;
			};
			name = Debug;
		};
		2A6C55581A0A3EEF005A6322 /* Release */ = {
			isa = XCBuildConfiguration;
			buildSettings = {
				ALWAYS_SEARCH_USER_PATHS = NO;
				CLANG_CXX_LANGUAGE_STANDARD = "gnu++0x";
				CLANG_CXX_LIBRARY = "libc++";
				CLANG_ENABLE_MODULES = YES;
				CLANG_ENABLE_OBJC_ARC = YES;
				CLANG_WARN_BOOL_CONVERSION = YES;
				CLANG_WARN_CONSTANT_CONVERSION = YES;
				CLANG_WARN_DIRECT_OBJC_ISA_USAGE = YES_ERROR;
				CLANG_WARN_EMPTY_BODY = YES;
				CLANG_WARN_ENUM_CONVERSION = YES;
				CLANG_WARN_INT_CONVERSION = YES;
				CLANG_WARN_OBJC_ROOT_CLASS = YES_ERROR;
				CLANG_WARN_UNREACHABLE_CODE = YES;
				CLANG_WARN__DUPLICATE_METHOD_MATCH = YES;
				"CODE_SIGN_IDENTITY[sdk=iphoneos*]" = "iPhone Developer";
				COPY_PHASE_STRIP = YES;
				ENABLE_NS_ASSERTIONS = NO;
				ENABLE_STRICT_OBJC_MSGSEND = YES;
				GCC_C_LANGUAGE_STANDARD = gnu99;
				GCC_WARN_64_TO_32_BIT_CONVERSION = YES;
				GCC_WARN_ABOUT_RETURN_TYPE = YES_ERROR;
				GCC_WARN_UNDECLARED_SELECTOR = YES;
				GCC_WARN_UNINITIALIZED_AUTOS = YES_AGGRESSIVE;
				GCC_WARN_UNUSED_FUNCTION = YES;
				GCC_WARN_UNUSED_VARIABLE = YES;
				IPHONEOS_DEPLOYMENT_TARGET = 8.1;
				MTL_ENABLE_DEBUG_INFO = NO;
				SDKROOT = iphoneos;
				VALIDATE_PRODUCT = YES;
			};
			name = Release;
		};
		2A6C555A1A0A3EEF005A6322 /* Debug */ = {
			isa = XCBuildConfiguration;
			buildSettings = {
				ASSETCATALOG_COMPILER_APPICON_NAME = AppIcon;
				INFOPLIST_FILE = GroupDates/Info.plist;
				LD_RUNPATH_SEARCH_PATHS = "$(inherited) @executable_path/Frameworks";
				PRODUCT_NAME = "$(TARGET_NAME)";
			};
			name = Debug;
		};
		2A6C555B1A0A3EEF005A6322 /* Release */ = {
			isa = XCBuildConfiguration;
			buildSettings = {
				ASSETCATALOG_COMPILER_APPICON_NAME = AppIcon;
				INFOPLIST_FILE = GroupDates/Info.plist;
				LD_RUNPATH_SEARCH_PATHS = "$(inherited) @executable_path/Frameworks";
				PRODUCT_NAME = "$(TARGET_NAME)";
			};
			name = Release;
		};
		2A6C555D1A0A3EEF005A6322 /* Debug */ = {
			isa = XCBuildConfiguration;
			buildSettings = {
				BUNDLE_LOADER = "$(TEST_HOST)";
				FRAMEWORK_SEARCH_PATHS = (
					"$(SDKROOT)/Developer/Library/Frameworks",
					"$(inherited)",
				);
				GCC_PREPROCESSOR_DEFINITIONS = (
					"DEBUG=1",
					"$(inherited)",
				);
				INFOPLIST_FILE = GroupDatesTests/Info.plist;
				LD_RUNPATH_SEARCH_PATHS = "$(inherited) @executable_path/Frameworks @loader_path/Frameworks";
				PRODUCT_NAME = "$(TARGET_NAME)";
				TEST_HOST = "$(BUILT_PRODUCTS_DIR)/GroupDates.app/GroupDates";
			};
			name = Debug;
		};
		2A6C555E1A0A3EEF005A6322 /* Release */ = {
			isa = XCBuildConfiguration;
			buildSettings = {
				BUNDLE_LOADER = "$(TEST_HOST)";
				FRAMEWORK_SEARCH_PATHS = (
					"$(SDKROOT)/Developer/Library/Frameworks",
					"$(inherited)",
				);
				INFOPLIST_FILE = GroupDatesTests/Info.plist;
				LD_RUNPATH_SEARCH_PATHS = "$(inherited) @executable_path/Frameworks @loader_path/Frameworks";
				PRODUCT_NAME = "$(TARGET_NAME)";
				TEST_HOST = "$(BUILT_PRODUCTS_DIR)/GroupDates.app/GroupDates";
			};
			name = Release;
		};
/* End XCBuildConfiguration section */

/* Begin XCConfigurationList section */
		2A6C552E1A0A3EEF005A6322 /* Build configuration list for PBXProject "GroupDates" */ = {
			isa = XCConfigurationList;
			buildConfigurations = (
				2A6C55571A0A3EEF005A6322 /* Debug */,
				2A6C55581A0A3EEF005A6322 /* Release */,
			);
			defaultConfigurationIsVisible = 0;
			defaultConfigurationName = Release;
		};
		2A6C55591A0A3EEF005A6322 /* Build configuration list for PBXNativeTarget "GroupDates" */ = {
			isa = XCConfigurationList;
			buildConfigurations = (
				2A6C555A1A0A3EEF005A6322 /* Debug */,
				2A6C555B1A0A3EEF005A6322 /* Release */,
			);
			defaultConfigurationIsVisible = 0;
		};
		2A6C555C1A0A3EEF005A6322 /* Build configuration list for PBXNativeTarget "GroupDatesTests" */ = {
			isa = XCConfigurationList;
			buildConfigurations = (
				2A6C555D1A0A3EEF005A6322 /* Debug */,
				2A6C555E1A0A3EEF005A6322 /* Release */,
			);
			defaultConfigurationIsVisible = 0;
		};
/* End XCConfigurationList section */

/* Begin XCVersionGroup section */
		2A6C553D1A0A3EEF005A6322 /* GroupDates.xcdatamodeld */ = {
			isa = XCVersionGroup;
			children = (
				2A6C553E1A0A3EEF005A6322 /* GroupDates.xcdatamodel */,
			);
			currentVersion = 2A6C553E1A0A3EEF005A6322 /* GroupDates.xcdatamodel */;
			path = GroupDates.xcdatamodeld;
			sourceTree = "<group>";
			versionGroupType = wrapper.xcdatamodel;
		};
/* End XCVersionGroup section */
	};
	rootObject = 2A6C552B1A0A3EEF005A6322 /* Project object */;
}
